
Microsoft Visual Studio Solution File, Format Version 12.00
# Visual Studio Version 17
VisualStudioVersion = 17.0.31825.309
MinimumVisualStudioVersion = 10.0.40219.1
Project("{FAE04EC0-301F-11D3-BF4B-00C04F79EFBC}") = "PhotoFlow", "Photo Editing\PhotoFlow.csproj", "{AEFACE6F-145C-4C3C-BD27-90CC3EE59AA7}"
EndProject
Project("{FAE04EC0-301F-11D3-BF4B-00C04F79EFBC}") = "CSharpUI", "C:\Users\Get\source\repos\Photo Editing\CSharpUI\CSharpUI.csproj", "{2F50B8EA-2F62-4FB9-B2B0-794AEE021851}"
EndProject
Global
	GlobalSection(SolutionConfigurationPlatforms) = preSolution
		Debug|Any CPU = Debug|Any CPU
		Debug|ARM = Debug|ARM
		Debug|ARM64 = Debug|ARM64
		Debug|x64 = Debug|x64
		Debug|x86 = Debug|x86
		Release|Any CPU = Release|Any CPU
		Release|ARM = Release|ARM
		Release|ARM64 = Release|ARM64
		Release|x64 = Release|x64
		Release|x86 = Release|x86
	EndGlobalSection
	GlobalSection(ProjectConfigurationPlatforms) = postSolution
		{AEFACE6F-145C-4C3C-BD27-90CC3EE59AA7}.Debug|Any CPU.ActiveCfg = Debug|Any CPU
		{AEFACE6F-145C-4C3C-BD27-90CC3EE59AA7}.Debug|Any CPU.Build.0 = Debug|Any CPU
		{AEFACE6F-145C-4C3C-BD27-90CC3EE59AA7}.Debug|Any CPU.Deploy.0 = Debug|Any CPU
		{AEFACE6F-145C-4C3C-BD27-90CC3EE59AA7}.Debug|ARM.ActiveCfg = Debug|ARM
		{AEFACE6F-145C-4C3C-BD27-90CC3EE59AA7}.Debug|ARM.Build.0 = Debug|ARM
		{AEFACE6F-145C-4C3C-BD27-90CC3EE59AA7}.Debug|ARM.Deploy.0 = Debug|ARM
		{AEFACE6F-145C-4C3C-BD27-90CC3EE59AA7}.Debug|ARM64.ActiveCfg = Debug|ARM64
		{AEFACE6F-145C-4C3C-BD27-90CC3EE59AA7}.Debug|ARM64.Build.0 = Debug|ARM64
		{AEFACE6F-145C-4C3C-BD27-90CC3EE59AA7}.Debug|ARM64.Deploy.0 = Debug|ARM64
		{AEFACE6F-145C-4C3C-BD27-90CC3EE59AA7}.Debug|x64.ActiveCfg = Debug|x64
		{AEFACE6F-145C-4C3C-BD27-90CC3EE59AA7}.Debug|x64.Build.0 = Debug|x64
		{AEFACE6F-145C-4C3C-BD27-90CC3EE59AA7}.Debug|x64.Deploy.0 = Debug|x64
		{AEFACE6F-145C-4C3C-BD27-90CC3EE59AA7}.Debug|x86.ActiveCfg = Debug|x86
		{AEFACE6F-145C-4C3C-BD27-90CC3EE59AA7}.Debug|x86.Build.0 = Debug|x86
		{AEFACE6F-145C-4C3C-BD27-90CC3EE59AA7}.Debug|x86.Deploy.0 = Debug|x86
		{AEFACE6F-145C-4C3C-BD27-90CC3EE59AA7}.Release|Any CPU.ActiveCfg = Release|Any CPU
		{AEFACE6F-145C-4C3C-BD27-90CC3EE59AA7}.Release|Any CPU.Build.0 = Release|Any CPU
		{AEFACE6F-145C-4C3C-BD27-90CC3EE59AA7}.Release|Any CPU.Deploy.0 = Release|Any CPU
		{AEFACE6F-145C-4C3C-BD27-90CC3EE59AA7}.Release|ARM.ActiveCfg = Release|ARM
		{AEFACE6F-145C-4C3C-BD27-90CC3EE59AA7}.Release|ARM.Build.0 = Release|ARM
		{AEFACE6F-145C-4C3C-BD27-90CC3EE59AA7}.Release|ARM.Deploy.0 = Release|ARM
		{AEFACE6F-145C-4C3C-BD27-90CC3EE59AA7}.Release|ARM64.ActiveCfg = Release|ARM64
		{AEFACE6F-145C-4C3C-BD27-90CC3EE59AA7}.Release|ARM64.Build.0 = Release|ARM64
		{AEFACE6F-145C-4C3C-BD27-90CC3EE59AA7}.Release|ARM64.Deploy.0 = Release|ARM64
		{AEFACE6F-145C-4C3C-BD27-90CC3EE59AA7}.Release|x64.ActiveCfg = Release|x64
		{AEFACE6F-145C-4C3C-BD27-90CC3EE59AA7}.Release|x64.Build.0 = Release|x64
		{AEFACE6F-145C-4C3C-BD27-90CC3EE59AA7}.Release|x64.Deploy.0 = Release|x64
		{AEFACE6F-145C-4C3C-BD27-90CC3EE59AA7}.Release|x86.ActiveCfg = Release|x86
		{AEFACE6F-145C-4C3C-BD27-90CC3EE59AA7}.Release|x86.Build.0 = Release|x86
		{AEFACE6F-145C-4C3C-BD27-90CC3EE59AA7}.Release|x86.Deploy.0 = Release|x86
		{2F50B8EA-2F62-4FB9-B2B0-794AEE021851}.Debug|Any CPU.ActiveCfg = Debug|Any CPU
		{2F50B8EA-2F62-4FB9-B2B0-794AEE021851}.Debug|Any CPU.Build.0 = Debug|Any CPU
		{2F50B8EA-2F62-4FB9-B2B0-794AEE021851}.Debug|ARM.ActiveCfg = Debug|ARM
		{2F50B8EA-2F62-4FB9-B2B0-794AEE021851}.Debug|ARM.Build.0 = Debug|ARM
		{2F50B8EA-2F62-4FB9-B2B0-794AEE021851}.Debug|ARM64.ActiveCfg = Debug|ARM64
		{2F50B8EA-2F62-4FB9-B2B0-794AEE021851}.Debug|ARM64.Build.0 = Debug|ARM64
		{2F50B8EA-2F62-4FB9-B2B0-794AEE021851}.Debug|x64.ActiveCfg = Debug|x64
		{2F50B8EA-2F62-4FB9-B2B0-794AEE021851}.Debug|x64.Build.0 = Debug|x64
		{2F50B8EA-2F62-4FB9-B2B0-794AEE021851}.Debug|x86.ActiveCfg = Debug|x86
		{2F50B8EA-2F62-4FB9-B2B0-794AEE021851}.Debug|x86.Build.0 = Debug|x86
		{2F50B8EA-2F62-4FB9-B2B0-794AEE021851}.Release|Any CPU.ActiveCfg = Release|Any CPU
		{2F50B8EA-2F62-4FB9-B2B0-794AEE021851}.Release|Any CPU.Build.0 = Release|Any CPU
		{2F50B8EA-2F62-4FB9-B2B0-794AEE021851}.Release|ARM.ActiveCfg = Release|ARM
		{2F50B8EA-2F62-4FB9-B2B0-794AEE021851}.Release|ARM.Build.0 = Release|ARM
		{2F50B8EA-2F62-4FB9-B2B0-794AEE021851}.Release|ARM64.ActiveCfg = Release|ARM64
		{2F50B8EA-2F62-4FB9-B2B0-794AEE021851}.Release|ARM64.Build.0 = Release|ARM64
		{2F50B8EA-2F62-4FB9-B2B0-794AEE021851}.Release|x64.ActiveCfg = Release|x64
		{2F50B8EA-2F62-4FB9-B2B0-794AEE021851}.Release|x64.Build.0 = Release|x64
		{2F50B8EA-2F62-4FB9-B2B0-794AEE021851}.Release|x86.ActiveCfg = Release|x86
		{2F50B8EA-2F62-4FB9-B2B0-794AEE021851}.Release|x86.Build.0 = Release|x86
	EndGlobalSection
	GlobalSection(SolutionProperties) = preSolution
		HideSolutionNode = FALSE
	EndGlobalSection
	GlobalSection(ExtensibilityGlobals) = postSolution
		SolutionGuid = {981834EE-BEC7-4862-8B39-AAA5C02982A3}
	EndGlobalSection
EndGlobal
